
Microsoft Visual Studio Solution File, Format Version 12.00
# Visual Studio Version 17
VisualStudioVersion = 17.11.35303.130
MinimumVisualStudioVersion = 10.0.40219.1
Project("{FAE04EC0-301F-11D3-BF4B-00C04F79EFBC}") = "ClapBomb", "ClapBomb\ClapBomb\ClapBomb.csproj", "{B9AEEF33-3C83-4DDB-9BCF-054378A88C67}"
EndProject
Project("{FAE04EC0-301F-11D3-BF4B-00C04F79EFBC}") = "ClapBomb.Client", "ClapBomb\ClapBomb.Client\ClapBomb.Client.csproj", "{685ADCFE-3373-403E-9AE2-001ADC7F271E}"
EndProject
Global
	GlobalSection(SolutionConfigurationPlatforms) = preSolution
		Debug|Any CPU = Debug|Any CPU
		Release|Any CPU = Release|Any CPU
	EndGlobalSection
	GlobalSection(ProjectConfigurationPlatforms) = postSolution
		{B9AEEF33-3C83-4DDB-9BCF-054378A88C67}.Debug|Any CPU.ActiveCfg = Debug|Any CPU
		{B9AEEF33-3C83-4DDB-9BCF-054378A88C67}.Debug|Any CPU.Build.0 = Debug|Any CPU
		{B9AEEF33-3C83-4DDB-9BCF-054378A88C67}.Release|Any CPU.ActiveCfg = Release|Any CPU
		{B9AEEF33-3C83-4DDB-9BCF-054378A88C67}.Release|Any CPU.Build.0 = Release|Any CPU
		{685ADCFE-3373-403E-9AE2-001ADC7F271E}.Debug|Any CPU.ActiveCfg = Debug|Any CPU
		{685ADCFE-3373-403E-9AE2-001ADC7F271E}.Debug|Any CPU.Build.0 = Debug|Any CPU
		{685ADCFE-3373-403E-9AE2-001ADC7F271E}.Release|Any CPU.ActiveCfg = Release|Any CPU
		{685ADCFE-3373-403E-9AE2-001ADC7F271E}.Release|Any CPU.Build.0 = Release|Any CPU
	EndGlobalSection
	GlobalSection(SolutionProperties) = preSolution
		HideSolutionNode = FALSE
	EndGlobalSection
	GlobalSection(ExtensibilityGlobals) = postSolution
		SolutionGuid = {083D4B3D-249F-4EA2-A4EF-692B2B7A1731}
	EndGlobalSection
EndGlobal
